[[package]]
name = "cython"
version = "0.29.23"
description = "The Cython compiler for writing C extensions for the Python language."
category = "main"
optional = false
python-versions = ">=2.6, !=3.0.*, !=3.1.*, !=3.2.*"

[[package]]
name = "numpy"
version = "1.24.1"
description = "Fundamental package for array computing in Python"
category = "main"
optional = false
python-versions = ">=3.8"

[[package]]
name = "pyjnius"
version = "1.3.0"
description = "A Python module to access Java classes as Python classes using JNI."
category = "main"
optional = false
python-versions = "*"

[package.dependencies]
cython = "*"
six = ">=1.7.0"

[package.extras]
ci = ["coveralls", "pytest-rerunfailures", "setuptools (>=34.4.0)"]
dev = ["pycodestyle", "pytest", "pytest-cov", "wheel"]

[[package]]
name = "six"
version = "1.16.0"
description = "Python 2 and 3 compatibility utilities"
category = "main"
optional = false
python-versions = ">=2.7, !=3.0.*, !=3.1.*, !=3.2.*"

[metadata]
lock-version = "1.1"
python-versions = "^3.8"
content-hash = "03b5899a8f6de4ea31385e44144f430397cb1780c0bf7734c08dfa90a3525339"

[metadata.files]
cython = [
    {file = "Cython-0.29.23-cp27-cp27m-macosx_10_9_x86_64.whl", hash = "sha256:ff885f18d169759b57f116d3956e45cd2b9cba989fde348bba091544c668dc11"},
    {file = "Cython-0.29.23-cp27-cp27m-manylinux1_i686.whl", hash = "sha256:3b29224eb62309a10819d923dc6262f769e4f3facfee3cd06372c355e5b38b33"},
    {file = "Cython-0.29.23-cp27-cp27m-manylinux1_x86_64.whl", hash = "sha256:355a6e768d91e21fbf477b61881bab64b7a2da386a166898997bccefd532cf5d"},
    {file = "Cython-0.29.23-cp27-cp27m-win32.whl", hash = "sha256:2af52d312e96b38ded38b34d06e22685c226b1b0e58278bd27209f5d2385d115"},
    {file = "Cython-0.29.23-cp27-cp27m-win_amd64.whl", hash = "sha256:519fccf526d26b377e1db22f22aa44889b28bc5833ec106588cb13557e8ba2da"},
    {file = "Cython-0.29.23-cp27-cp27mu-manylinux1_i686.whl", hash = "sha256:625a16103770fd92b487b701fb0c07e5790b080f40fa11ce572a2d56d9e9fcca"},
    {file = "Cython-0.29.23-cp27-cp27mu-manylinux1_x86_64.whl", hash = "sha256:7b7a766726d207d7cd57aff0fcb4b35ce042d3cc88a421fcdb45eeb61a5b9d12"},
    {file = "Cython-0.29.23-cp34-cp34m-win32.whl", hash = "sha256:474c1a29ab43e29d990df279e2cf6aa96baa9208f5cd4bc76ac87ffcdf1e2945"},
    {file = "Cython-0.29.23-cp34-cp34m-win_amd64.whl", hash = "sha256:f4aca6bffb1c1c3c4ada3347d0b162a699c18a66e097ee08b63b3a35118fdfcc"},
    {file = "Cython-0.29.23-cp35-cp35m-manylinux1_i686.whl", hash = "sha256:58dc06871bfdb0592542d779714fe9f918e11ba20ac07757dd63b198bdc704fe"},
    {file = "Cython-0.29.23-cp35-cp35m-manylinux1_x86_64.whl", hash = "sha256:2a3bbce689a2fddb85aa66712d93875c99bf7f64ac82b1d149ecce522a7a4e0c"},
    {file = "Cython-0.29.23-cp35-cp35m-manylinux2014_aarch64.whl", hash = "sha256:8b8a02883ef75f21472205e8db2e471efb142729030fedb8c4e59a06866682ee"},
    {file = "Cython-0.29.23-cp35-cp35m-win32.whl", hash = "sha256:3ef530f975e3a760e7282fce2a25f900fa63f96d17321b4aa5f5542eb9859cdf"},
    {file = "Cython-0.29.23-cp35-cp35m-win_amd64.whl", hash = "sha256:ef21c51350462160456eb71df31b0869e5141e940f22c61c358bdb6e3ebc3388"},
    {file = "Cython-0.29.23-cp36-cp36m-macosx_10_9_x86_64.whl", hash = "sha256:20402ef316393168909926ab21848aa6e08e39bed5003b657139774e66166cd0"},
    {file = "Cython-0.29.23-cp36-cp36m-manylinux1_i686.whl", hash = "sha256:4858043ac5f96a8f0277cf63760bb39b9521c1f897678cf1d22423f3e758f4ed"},
    {file = "Cython-0.29.23-cp36-cp36m-manylinux1_x86_64.whl", hash = "sha256:4d7c3b0882d8757c601eaf288fc0d321d5c7ac6c3afb8c42eddf9325a3419cf5"},
    {file = "Cython-0.29.23-cp36-cp36m-manylinux2014_aarch64.whl", hash = "sha256:b05f365329e8ad44ff492408265841c83a43b83e430286490791a1f4bdaa0bef"},
    {file = "Cython-0.29.23-cp36-cp36m-win32.whl", hash = "sha256:37ff66039e3d138ec968ee1d1e12441fa5fb4e6a9c5458bc3c3a232f01be4a7d"},
    {file = "Cython-0.29.23-cp36-cp36m-win_amd64.whl", hash = "sha256:5be3ae3189cf7d0e9bbeafb854496dc7030c6f6a5602d809435fab8223543a41"},
    {file = "Cython-0.29.23-cp37-cp37m-macosx_10_9_x86_64.whl", hash = "sha256:b0699f0dc90181f2458fdb8170455e7798a309e18f41379eda7a2dc8c7aadee0"},
    {file = "Cython-0.29.23-cp37-cp37m-manylinux1_i686.whl", hash = "sha256:41cd0dd2ff5d78466e73409db509887a84449b400074d4f217980cedbb18e4be"},
    {file = "Cython-0.29.23-cp37-cp37m-manylinux1_x86_64.whl", hash = "sha256:aa3bb0928fb2aa3a8828801eb8b29af2261c199f805ae835467489e2bdd00372"},
    {file = "Cython-0.29.23-cp37-cp37m-manylinux2014_aarch64.whl", hash = "sha256:a6b02900d80c6f1ad4fc2060563922b4f031505c69ceeceba112d8971aacbcc3"},
    {file = "Cython-0.29.23-cp37-cp37m-win32.whl", hash = "sha256:20cb50d9fede8029bdb50875458f07a27f909289aeed4cdb9c19544dd9a9bc45"},
    {file = "Cython-0.29.23-cp37-cp37m-win_amd64.whl", hash = "sha256:c4b82461edbbcf90f19b319006345b77474a2d7514e1476d49a14bbd55d6b797"},
    {file = "Cython-0.29.23-cp38-cp38-macosx_10_9_x86_64.whl", hash = "sha256:794e3df0b57e16bce7583ac909126f4cb381fe566adadb20484d89095855eedb"},
    {file = "Cython-0.29.23-cp38-cp38-manylinux1_i686.whl", hash = "sha256:0c4b9f7e3aa004cf3f364e3e772f55fec5740485bafea99d1f13bdc9bbd8a545"},
    {file = "Cython-0.29.23-cp38-cp38-manylinux1_x86_64.whl", hash = "sha256:ceccc03b633113ede1f14ad914a6db5c278ce108c8ddb308a5c01c1567d8a02a"},
    {file = "Cython-0.29.23-cp38-cp38-manylinux2014_aarch64.whl", hash = "sha256:06317468cfbf6f77f8c5b71cec76a565bd8c01432914d2d6338a298bab86f9f7"},
    {file = "Cython-0.29.23-cp38-cp38-win32.whl", hash = "sha256:4b0bcf2e06a9063fc78c3243ed4003228375d532ef13b9e5d7183be8f0a52cf5"},
    {file = "Cython-0.29.23-cp38-cp38-win_amd64.whl", hash = "sha256:5a6792153b728a0240e55bbb5b643f4f7e45c76319e03abf15bf367471ea1d1a"},
    {file = "Cython-0.29.23-cp39-cp39-macosx_10_9_x86_64.whl", hash = "sha256:a8eed9c82e8fe07b8a8ffbd36018871a17458903fc25c9d015f37b54513a3efd"},
    {file = "Cython-0.29.23-cp39-cp39-manylinux1_i686.whl", hash = "sha256:266459c7e48fe3c6c492b297e4033e42d4c6863cc1a1ff7cc4034949fc574fa6"},
    {file = "Cython-0.29.23-cp39-cp39-manylinux1_x86_64.whl", hash = "sha256:4b6824b58d4373224fc76ee8bee6b35c2d17c91a1ed0fa67b88440f63daebe50"},
    {file = "Cython-0.29.23-cp39-cp39-manylinux2014_aarch64.whl", hash = "sha256:5baab5e14dd1fda34044aebf5303c69c4ce88ba7082e0b77b7a25bd09bfc39df"},
    {file = "Cython-0.29.23-cp39-cp39-win32.whl", hash = "sha256:7d6a33c8a11f05f698e215bfdb837f32c27f63c20f3af863557ed91c748dc2be"},
    {file = "Cython-0.29.23-cp39-cp39-win_amd64.whl", hash = "sha256:2365f3b5e6451b6bc6dcd262230656f4ade1d862ec2f6c22154deebef37c08b6"},
    {file = "Cython-0.29.23-py2.py3-none-any.whl", hash = "sha256:282263628c5d601b313d5920f7b6d7e08c7fedbddacd080c4858aa04d86b6b4b"},
    {file = "Cython-0.29.23.tar.gz", hash = "sha256:6a0d31452f0245daacb14c979c77e093eb1a546c760816b5eed0047686baad8e"},
]
numpy = [
    {file = "numpy-1.24.1-cp310-cp310-macosx_10_9_x86_64.whl", hash = "sha256:179a7ef0889ab769cc03573b6217f54c8bd8e16cef80aad369e1e8185f994cd7"},
    {file = "numpy-1.24.1-cp310-cp310-macosx_11_0_arm64.whl", hash = "sha256:b09804ff570b907da323b3d762e74432fb07955701b17b08ff1b5ebaa8cfe6a9"},
    {file = "numpy-1.24.1-cp310-cp310-manylinux_2_17_aarch64.manylinux2014_aarch64.whl", hash = "sha256:f1b739841821968798947d3afcefd386fa56da0caf97722a5de53e07c4ccedc7"},
    {file = "numpy-1.24.1-cp310-cp310-manylinux_2_17_x86_64.manylinux2014_x86_64.whl", hash = "sha256:0e3463e6ac25313462e04aea3fb8a0a30fb906d5d300f58b3bc2c23da6a15398"},
    {file = "numpy-1.24.1-cp310-cp310-win32.whl", hash = "sha256:b31da69ed0c18be8b77bfce48d234e55d040793cebb25398e2a7d84199fbc7e2"},
    {file = "numpy-1.24.1-cp310-cp310-win_amd64.whl", hash = "sha256:b07b40f5fb4fa034120a5796288f24c1fe0e0580bbfff99897ba6267af42def2"},
    {file = "numpy-1.24.1-cp311-cp311-macosx_10_9_x86_64.whl", hash = "sha256:7094891dcf79ccc6bc2a1f30428fa5edb1e6fb955411ffff3401fb4ea93780a8"},
    {file = "numpy-1.24.1-cp311-cp311-macosx_11_0_arm64.whl", hash = "sha256:28e418681372520c992805bb723e29d69d6b7aa411065f48216d8329d02ba032"},
    {file = "numpy-1.24.1-cp311-cp311-manylinux_2_17_aarch64.manylinux2014_aarch64.whl", hash = "sha256:e274f0f6c7efd0d577744f52032fdd24344f11c5ae668fe8d01aac0422611df1"},
    {file = "numpy-1.24.1-cp311-cp311-manylinux_2_17_x86_64.manylinux2014_x86_64.whl", hash = "sha256:0044f7d944ee882400890f9ae955220d29b33d809a038923d88e4e01d652acd9"},
    {file = "numpy-1.24.1-cp311-cp311-win32.whl", hash = "sha256:442feb5e5bada8408e8fcd43f3360b78683ff12a4444670a7d9e9824c1817d36"},
    {file = "numpy-1.24.1-cp311-cp311-win_amd64.whl", hash = "sha256:de92efa737875329b052982e37bd4371d52cabf469f83e7b8be9bb7752d67e51"},
    {file = "numpy-1.24.1-cp38-cp38-macosx_10_9_x86_64.whl", hash = "sha256:b162ac10ca38850510caf8ea33f89edcb7b0bb0dfa5592d59909419986b72407"},
    {file = "numpy-1.24.1-cp38-cp38-macosx_11_0_arm64.whl", hash = "sha256:26089487086f2648944f17adaa1a97ca6aee57f513ba5f1c0b7ebdabbe2b9954"},
    {file = "numpy-1.24.1-cp38-cp38-manylinux_2_17_aarch64.manylinux2014_aarch64.whl", hash = "sha256:caf65a396c0d1f9809596be2e444e3bd4190d86d5c1ce21f5fc4be60a3bc5b36"},
    {file = "numpy-1.24.1-cp38-cp38-manylinux_2_17_x86_64.manylinux2014_x86_64.whl", hash = "sha256:b0677a52f5d896e84414761531947c7a330d1adc07c3a4372262f25d84af7bf7"},
    {file = "numpy-1.24.1-cp38-cp38-win32.whl", hash = "sha256:dae46bed2cb79a58d6496ff6d8da1e3b95ba09afeca2e277628171ca99b99db1"},
    {file = "numpy-1.24.1-cp38-cp38-win_amd64.whl", hash = "sha256:6ec0c021cd9fe732e5bab6401adea5a409214ca5592cd92a114f7067febcba0c"},
    {file = "numpy-1.24.1-cp39-cp39-macosx_10_9_x86_64.whl", hash = "sha256:28bc9750ae1f75264ee0f10561709b1462d450a4808cd97c013046073ae64ab6"},
    {file = "numpy-1.24.1-cp39-cp39-macosx_11_0_arm64.whl", hash = "sha256:84e789a085aabef2f36c0515f45e459f02f570c4b4c4c108ac1179c34d475ed7"},
    {file = "numpy-1.24.1-cp39-cp39-manylinux_2_17_aarch64.manylinux2014_aarch64.whl", hash = "sha256:8e669fbdcdd1e945691079c2cae335f3e3a56554e06bbd45d7609a6cf568c700"},
    {file = "numpy-1.24.1-cp39-cp39-manylinux_2_17_x86_64.manylinux2014_x86_64.whl", hash = "sha256:ef85cf1f693c88c1fd229ccd1055570cb41cdf4875873b7728b6301f12cd05bf"},
    {file = "numpy-1.24.1-cp39-cp39-win32.whl", hash = "sha256:87a118968fba001b248aac90e502c0b13606721b1343cdaddbc6e552e8dfb56f"},
    {file = "numpy-1.24.1-cp39-cp39-win_amd64.whl", hash = "sha256:ddc7ab52b322eb1e40521eb422c4e0a20716c271a306860979d450decbb51b8e"},
    {file = "numpy-1.24.1-pp38-pypy38_pp73-macosx_10_9_x86_64.whl", hash = "sha256:ed5fb71d79e771ec930566fae9c02626b939e37271ec285e9efaf1b5d4370e7d"},
    {file = "numpy-1.24.1-pp38-pypy38_pp73-manylinux_2_17_x86_64.manylinux2014_x86_64.whl", hash = "sha256:ad2925567f43643f51255220424c23d204024ed428afc5aad0f86f3ffc080086"},
    {file = "numpy-1.24.1-pp38-pypy38_pp73-win_amd64.whl", hash = "sha256:cfa1161c6ac8f92dea03d625c2d0c05e084668f4a06568b77a25a89111621566"},
    {file = "numpy-1.24.1.tar.gz", hash = "sha256:2386da9a471cc00a1f47845e27d916d5ec5346ae9696e01a8a34760858fe9dd2"},
]
pyjnius = [
    {file = "pyjnius-1.3.0-cp27-cp27m-macosx_10_13_x86_64.whl", hash = "sha256:6600ad9d4afa74af4157adcc4748f62e5c2dd4efc2562ece9f1d39274a2259b0"},
    {file = "pyjnius-1.3.0-cp27-cp27m-manylinux1_x86_64.whl", hash = "sha256:163c3825e70e9ba6f9dd42e8342ad0fee7c99e18e10c0436d8e1dca340c2c5c4"},
    {file = "pyjnius-1.3.0-cp27-cp27m-manylinux2010_x86_64.whl", hash = "sha256:522a2955cf5543f60eafa6f7e63d01240260f7071fdfe4c2d0f8a0ca1c8b2119"},
    {file = "pyjnius-1.3.0-cp27-cp27mu-manylinux1_x86_64.whl", hash = "sha256:d65d510bc88f808e29e355f85ce4a0e35d974af01dd8a217eb98c97588b1cc80"},
    {file = "pyjnius-1.3.0-cp27-cp27mu-manylinux2010_x86_64.whl", hash = "sha256:c5bad82180251fa628e74c2a3f4a119a5e60250cc26723b3e190f0c32e08ece3"},
    {file = "pyjnius-1.3.0-cp35-cp35m-manylinux1_x86_64.whl", hash = "sha256:245fe0218f5ec4b7f229955a8785678b98a697776c9e2cc1ac735d61ad08169c"},
    {file = "pyjnius-1.3.0-cp35-cp35m-manylinux2010_x86_64.whl", hash = "sha256:f8b5c28398dc082419d195fd108647e5665c361f2897b94a09833f324e8987db"},
    {file = "pyjnius-1.3.0-cp36-cp36m-macosx_10_13_x86_64.whl", hash = "sha256:1e2f231f83159eafd3b3c3e7393148e6f3376f1f786bbceae78bbdda1bdcc9a9"},
    {file = "pyjnius-1.3.0-cp36-cp36m-manylinux1_x86_64.whl", hash = "sha256:2bfe44f8d674b2826c11c4920fcfbbec4b65c331c309b3e01c1d9527f934fb01"},
    {file = "pyjnius-1.3.0-cp36-cp36m-manylinux2010_x86_64.whl", hash = "sha256:97a8fd5917069e892af94fba114cf8760583140aeaa77225d9b81d07a25a976c"},
    {file = "pyjnius-1.3.0-cp36-cp36m-win_amd64.whl", hash = "sha256:162a0c43dfc303a83a8d80e3d6a980f5f10426e9fc0d4bec0e39b4bd1e162f6b"},
    {file = "pyjnius-1.3.0-cp37-cp37m-macosx_10_13_x86_64.whl", hash = "sha256:0a7f2de85a0036f57f42b1ec7876dc04e1ad4886e5d0bac32d155265652cce6b"},
    {file = "pyjnius-1.3.0-cp37-cp37m-manylinux1_x86_64.whl", hash = "sha256:c2ffa4aeb2e56fb9f11be6782cc16f14c3743e27c65b1fcf5f514dc9782e5231"},
    {file = "pyjnius-1.3.0-cp37-cp37m-manylinux2010_x86_64.whl", hash = "sha256:44f3b1aedcbb4227499c70ba39d77462c437abb2b0cec14f52be568a1df1e0ee"},
    {file = "pyjnius-1.3.0-cp37-cp37m-win_amd64.whl", hash = "sha256:f4fe0629e5a00f3f6104a28275ff4ea56456e11296875e9e73f3447870e20d96"},
    {file = "pyjnius-1.3.0-cp38-cp38-macosx_10_13_x86_64.whl", hash = "sha256:21b805277a27b1d436ca1c76bc5f269b232801f69a4e4f22bc72ed98b47355c2"},
    {file = "pyjnius-1.3.0-cp38-cp38-manylinux1_x86_64.whl", hash = "sha256:95d1741605dcac7abf79f22eb199c3fdcde3581c3629b2f3ed13f98b2d682d29"},
    {file = "pyjnius-1.3.0-cp38-cp38-manylinux2010_x86_64.whl", hash = "sha256:84eb01a0d4d592171769f56805895cc1825a9a3b3deac0d90909077e8a2f32a3"},
    {file = "pyjnius-1.3.0-cp38-cp38-win_amd64.whl", hash = "sha256:05d6ad4e64241e4412491bf6502daf8eae40296aa39cd5093c14931e466ebfe3"},
    {file = "pyjnius-1.3.0.0.tar.gz", hash = "sha256:d20845e75a2d18224e661d0e2bc2ce9141f17472e685cd6579847b0a7b5da6ad"},
]
six = [
    {file = "six-1.16.0-py2.py3-none-any.whl", hash = "sha256:8abb2f1d86890a2dfb989f9a77cfcfd3e47c2a354b01111771326f8aa26e0254"},
    {file = "six-1.16.0.tar.gz", hash = "sha256:1e61c37477a1626458e36f7b1d82aa5c9b094fa4802892072e49de9c60c4c926"},
]
